
Microsoft Visual Studio Solution File, Format Version 12.00
# Visual Studio Version 16
VisualStudioVersion = 16.0.28803.202
MinimumVisualStudioVersion = 10.0.40219.1
Project("{FAE04EC0-301F-11D3-BF4B-00C04F79EFBC}") = "Week6Arrays", "Week6Arrays\Week6Arrays.csproj", "{DDC1D0D0-35D4-4544-BADE-B8C0C0E53528}"
EndProject
Project("{FAE04EC0-301F-11D3-BF4B-00C04F79EFBC}") = "WardrobePicker", "WardrobePicker\WardrobePicker.csproj", "{4E6C9D40-EA34-461C-A20E-BE5DE5608F9A}"
EndProject
Project("{FAE04EC0-301F-11D3-BF4B-00C04F79EFBC}") = "Backpack", "Backpack\Backpack.csproj", "{1D20709E-A14C-4BB1-AEDD-4B43880BEC85}"
EndProject
Global
	GlobalSection(SolutionConfigurationPlatforms) = preSolution
		Debug|Any CPU = Debug|Any CPU
		Release|Any CPU = Release|Any CPU
	EndGlobalSection
	GlobalSection(ProjectConfigurationPlatforms) = postSolution
		{DDC1D0D0-35D4-4544-BADE-B8C0C0E53528}.Debug|Any CPU.ActiveCfg = Debug|Any CPU
		{DDC1D0D0-35D4-4544-BADE-B8C0C0E53528}.Debug|Any CPU.Build.0 = Debug|Any CPU
		{DDC1D0D0-35D4-4544-BADE-B8C0C0E53528}.Release|Any CPU.ActiveCfg = Release|Any CPU
		{DDC1D0D0-35D4-4544-BADE-B8C0C0E53528}.Release|Any CPU.Build.0 = Release|Any CPU
		{4E6C9D40-EA34-461C-A20E-BE5DE5608F9A}.Debug|Any CPU.ActiveCfg = Debug|Any CPU
		{4E6C9D40-EA34-461C-A20E-BE5DE5608F9A}.Debug|Any CPU.Build.0 = Debug|Any CPU
		{4E6C9D40-EA34-461C-A20E-BE5DE5608F9A}.Release|Any CPU.ActiveCfg = Release|Any CPU
		{4E6C9D40-EA34-461C-A20E-BE5DE5608F9A}.Release|Any CPU.Build.0 = Release|Any CPU
		{1D20709E-A14C-4BB1-AEDD-4B43880BEC85}.Debug|Any CPU.ActiveCfg = Debug|Any CPU
		{1D20709E-A14C-4BB1-AEDD-4B43880BEC85}.Debug|Any CPU.Build.0 = Debug|Any CPU
		{1D20709E-A14C-4BB1-AEDD-4B43880BEC85}.Release|Any CPU.ActiveCfg = Release|Any CPU
		{1D20709E-A14C-4BB1-AEDD-4B43880BEC85}.Release|Any CPU.Build.0 = Release|Any CPU
	EndGlobalSection
	GlobalSection(SolutionProperties) = preSolution
		HideSolutionNode = FALSE
	EndGlobalSection
	GlobalSection(ExtensibilityGlobals) = postSolution
		SolutionGuid = {EEB11824-9F24-42CF-98A1-398F84649B89}
	EndGlobalSection
EndGlobal
